{
  "requires": true,
  "lockfileVersion": 1,
  "dependencies": {
    "gitbook-plugin-theme-fexa": {
      "version": "1.0.6",
      "resolved": "https://registry.npm.taobao.org/gitbook-plugin-theme-fexa/download/gitbook-plugin-theme-fexa-1.0.6.tgz",
      "integrity": "sha1-083SsmywRK5HZZeJFOuMPqynnuA="
    }
  }
}
